{
  "version": 4,
  "terraform_version": "1.15.7",
  "serial": 2,
  "lineage": "233b637d-d0bd-65e9-1d06-966ed4a25033",
  "outputs": {
    "random_pet_name": {
      "value": "pure-tick",
      "type": "string"
    }
  },
  "resources": [
    {
      "mode": "managed",
      "type": "random_pet",
      "name": "name",
      "provider": "provider[\"registry.terraform.io/hashicorp/random\"]",
      "instances": [
        {
          "schema_version": 0,
          "attributes": {
            "id": "pure-tick",
            "keepers": null,
            "length": 2,
            "prefix": null,
            "separator": "-"
          },
          "sensitive_attributes": [],
          "identity_schema_version": 0
        }
      ]
    }
  ],
  "check_results": null
}
